
Microsoft Visual Studio Solution File, Format Version 12.00
# Visual Studio 15
VisualStudioVersion = 15.0.28010.2048
MinimumVisualStudioVersion = 10.0.40219.1
Project("{FAE04EC0-301F-11D3-BF4B-00C04F79EFBC}") = "TodoAPI", "TodoAPI\TodoAPI.csproj", "{0CBD601B-7432-4BBA-A875-EE228BDF0723}"
EndProject
Global
	GlobalSection(SolutionConfigurationPlatforms) = preSolution
		Debug|Any CPU = Debug|Any CPU
		Release|Any CPU = Release|Any CPU
	EndGlobalSection
	GlobalSection(ProjectConfigurationPlatforms) = postSolution
		{0CBD601B-7432-4BBA-A875-EE228BDF0723}.Debug|Any CPU.ActiveCfg = Debug|Any CPU
		{0CBD601B-7432-4BBA-A875-EE228BDF0723}.Debug|Any CPU.Build.0 = Debug|Any CPU
		{0CBD601B-7432-4BBA-A875-EE228BDF0723}.Release|Any CPU.ActiveCfg = Release|Any CPU
		{0CBD601B-7432-4BBA-A875-EE228BDF0723}.Release|Any CPU.Build.0 = Release|Any CPU
	EndGlobalSection
	GlobalSection(SolutionProperties) = preSolution
		HideSolutionNode = FALSE
	EndGlobalSection
	GlobalSection(ExtensibilityGlobals) = postSolution
		SolutionGuid = {D21EDADA-2BF8-4B61-9F1B-29FE8AE47039}
	EndGlobalSection
EndGlobal
